
Microsoft Visual Studio Solution File, Format Version 12.00
# Visual Studio Version 16
VisualStudioVersion = 16.0.30204.135
MinimumVisualStudioVersion = 10.0.40219.1
Project("{FAE04EC0-301F-11D3-BF4B-00C04F79EFBC}") = "RunAwayAppWPF", "RunAwayAppWPF\RunAwayAppWPF.csproj", "{55D352CE-C01E-4952-9CC2-1DA60423E09F}"
EndProject
Project("{FAE04EC0-301F-11D3-BF4B-00C04F79EFBC}") = "RunAwayAppUpdater", "RunAwayAppUpdater\RunAwayAppUpdater.csproj", "{9466B25C-B9BA-4BE3-9866-CCF47D75EFF8}"
EndProject
Global
	GlobalSection(SolutionConfigurationPlatforms) = preSolution
		Debug|Any CPU = Debug|Any CPU
		Release|Any CPU = Release|Any CPU
	EndGlobalSection
	GlobalSection(ProjectConfigurationPlatforms) = postSolution
		{55D352CE-C01E-4952-9CC2-1DA60423E09F}.Debug|Any CPU.ActiveCfg = Debug|Any CPU
		{55D352CE-C01E-4952-9CC2-1DA60423E09F}.Debug|Any CPU.Build.0 = Debug|Any CPU
		{55D352CE-C01E-4952-9CC2-1DA60423E09F}.Release|Any CPU.ActiveCfg = Release|Any CPU
		{55D352CE-C01E-4952-9CC2-1DA60423E09F}.Release|Any CPU.Build.0 = Release|Any CPU
		{9466B25C-B9BA-4BE3-9866-CCF47D75EFF8}.Debug|Any CPU.ActiveCfg = Debug|Any CPU
		{9466B25C-B9BA-4BE3-9866-CCF47D75EFF8}.Debug|Any CPU.Build.0 = Debug|Any CPU
		{9466B25C-B9BA-4BE3-9866-CCF47D75EFF8}.Release|Any CPU.ActiveCfg = Release|Any CPU
		{9466B25C-B9BA-4BE3-9866-CCF47D75EFF8}.Release|Any CPU.Build.0 = Release|Any CPU
	EndGlobalSection
	GlobalSection(SolutionProperties) = preSolution
		HideSolutionNode = FALSE
	EndGlobalSection
	GlobalSection(ExtensibilityGlobals) = postSolution
		SolutionGuid = {50607E33-4663-462E-BAF3-0FF28AAA909F}
	EndGlobalSection
EndGlobal
